// !$*UTF8*$!
{
	archiveVersion = 1;
	classes = {
	};
	objectVersion = 46;
	objects = {

/* Begin PBXBuildFile section */
		021089721D192146008918DA /* SegmentedButton.m in Sources */ = {isa = PBXBuildFile; fileRef = 021089711D192146008918DA /* SegmentedButton.m */; };
		02F739E91D0F9ACE00D295AF /* main.m in Sources */ = {isa = PBXBuildFile; fileRef = 02F739E81D0F9ACE00D295AF /* main.m */; };
		02F739EC1D0F9ACE00D295AF /* AppDelegate.m in Sources */ = {isa = PBXBuildFile; fileRef = 02F739EB1D0F9ACE00D295AF /* AppDelegate.m */; };
		02F739EF1D0F9ACE00D295AF /* ViewController.m in Sources */ = {isa = PBXBuildFile; fileRef = 02F739EE1D0F9ACE00D295AF /* ViewController.m */; };
		02F739F21D0F9ACE00D295AF /* Main.storyboard in Resources */ = {isa = PBXBuildFile; fileRef = 02F739F01D0F9ACE00D295AF /* Main.storyboard */; };
		02F739F41D0F9ACE00D295AF /* Assets.xcassets in Resources */ = {isa = PBXBuildFile; fileRef = 02F739F31D0F9ACE00D295AF /* Assets.xcassets */; };
		02F739F71D0F9ACE00D295AF /* LaunchScreen.storyboard in Resources */ = {isa = PBXBuildFile; fileRef = 02F739F51D0F9ACE00D295AF /* LaunchScreen.storyboard */; };
		02F73A021D0FA4C600D295AF /* creme_brelee.jpg in Resources */ = {isa = PBXBuildFile; fileRef = 02F73A011D0FA4C600D295AF /* creme_brelee.jpg */; };
		02F73A051D0FAA5800D295AF /* dingfangweishi.png in Resources */ = {isa = PBXBuildFile; fileRef = 02F73A031D0FAA5800D295AF /* dingfangweishi.png */; };
		02F73A061D0FAA5800D295AF /* userImg.png in Resources */ = {isa = PBXBuildFile; fileRef = 02F73A041D0FAA5800D295AF /* userImg.png */; };
		02F73A081D0FAC3400D295AF /* SimpleTableCell.xib in Resources */ = {isa = PBXBuildFile; fileRef = 02F73A071D0FAC3400D295AF /* SimpleTableCell.xib */; };
		02F73A0B1D0FAFEC00D295AF /* SimpleTableCell.m in Sources */ = {isa = PBXBuildFile; fileRef = 02F73A0A1D0FAFEC00D295AF /* SimpleTableCell.m */; };
		02FB098A1D17FFFF00D39892 /* SearchQuickCondition.m in Sources */ = {isa = PBXBuildFile; fileRef = 02FB09891D17FFFF00D39892 /* SearchQuickCondition.m */; };
/* End PBXBuildFile section */

/* Begin PBXFileReference section */
		021089701D192146008918DA /* SegmentedButton.h */ = {isa = PBXFileReference; fileEncoding = 4; lastKnownFileType = sourcecode.c.h; path = SegmentedButton.h; sourceTree = "<group>"; };
		021089711D192146008918DA /* SegmentedButton.m */ = {isa = PBXFileReference; fileEncoding = 4; lastKnownFileType = sourcecode.c.objc; path = SegmentedButton.m; sourceTree = "<group>"; };
		02F739E41D0F9ACE00D295AF /* KTVSong.app */ = {isa = PBXFileReference; explicitFileType = wrapper.application; includeInIndex = 0; path = KTVSong.app; sourceTree = BUILT_PRODUCTS_DIR; };
		02F739E81D0F9ACE00D295AF /* main.m */ = {isa = PBXFileReference; lastKnownFileType = sourcecode.c.objc; path = main.m; sourceTree = "<group>"; };
		02F739EA1D0F9ACE00D295AF /* AppDelegate.h */ = {isa = PBXFileReference; lastKnownFileType = sourcecode.c.h; path = AppDelegate.h; sourceTree = "<group>"; };
		02F739EB1D0F9ACE00D295AF /* AppDelegate.m */ = {isa = PBXFileReference; lastKnownFileType = sourcecode.c.objc; path = AppDelegate.m; sourceTree = "<group>"; };
		02F739ED1D0F9ACE00D295AF /* ViewController.h */ = {isa = PBXFileReference; lastKnownFileType = sourcecode.c.h; path = ViewController.h; sourceTree = "<group>"; };
		02F739EE1D0F9ACE00D295AF /* ViewController.m */ = {isa = PBXFileReference; lastKnownFileType = sourcecode.c.objc; path = ViewController.m; sourceTree = "<group>"; };
		02F739F11D0F9ACE00D295AF /* Base */ = {isa = PBXFileReference; lastKnownFileType = file.storyboard; name = Base; path = Base.lproj/Main.storyboard; sourceTree = "<group>"; };
		02F739F31D0F9ACE00D295AF /* Assets.xcassets */ = {isa = PBXFileReference; lastKnownFileType = folder.assetcatalog; path = Assets.xcassets; sourceTree = "<group>"; };
		02F739F61D0F9ACE00D295AF /* Base */ = {isa = PBXFileReference; lastKnownFileType = file.storyboard; name = Base; path = Base.lproj/LaunchScreen.storyboard; sourceTree = "<group>"; };
		02F739F81D0F9ACE00D295AF /* Info.plist */ = {isa = PBXFileReference; lastKnownFileType = text.plist.xml; path = Info.plist; sourceTree = "<group>"; };
		02F73A011D0FA4C600D295AF /* creme_brelee.jpg */ = {isa = PBXFileReference; lastKnownFileType = image.jpeg; name = creme_brelee.jpg; path = images/creme_brelee.jpg; sourceTree = "<group>"; };
		02F73A031D0FAA5800D295AF /* dingfangweishi.png */ = {isa = PBXFileReference; lastKnownFileType = image.png; name = dingfangweishi.png; path = images/dingfangweishi.png; sourceTree = "<group>"; };
		02F73A041D0FAA5800D295AF /* userImg.png */ = {isa = PBXFileReference; lastKnownFileType = image.png; name = userImg.png; path = images/userImg.png; sourceTree = "<group>"; };
		02F73A071D0FAC3400D295AF /* SimpleTableCell.xib */ = {isa = PBXFileReference; fileEncoding = 4; lastKnownFileType = file.xib; path = SimpleTableCell.xib; sourceTree = "<group>"; };
		02F73A091D0FAFEC00D295AF /* SimpleTableCell.h */ = {isa = PBXFileReference; fileEncoding = 4; lastKnownFileType = sourcecode.c.h; path = SimpleTableCell.h; sourceTree = "<group>"; };
		02F73A0A1D0FAFEC00D295AF /* SimpleTableCell.m */ = {isa = PBXFileReference; fileEncoding = 4; lastKnownFileType = sourcecode.c.objc; path = SimpleTableCell.m; sourceTree = "<group>"; };
		02FB09881D17FFFF00D39892 /* SearchQuickCondition.h */ = {isa = PBXFileReference; fileEncoding = 4; lastKnownFileType = sourcecode.c.h; path = SearchQuickCondition.h; sourceTree = "<group>"; };
		02FB09891D17FFFF00D39892 /* SearchQuickCondition.m */ = {isa = PBXFileReference; fileEncoding = 4; lastKnownFileType = sourcecode.c.objc; path = SearchQuickCondition.m; sourceTree = "<group>"; };
/* End PBXFileReference section */

/* Begin PBXFrameworksBuildPhase section */
		02F739E11D0F9ACE00D295AF /* Frameworks */ = {
			isa = PBXFrameworksBuildPhase;
			buildActionMask = 2147483647;
			files = (
			);
			runOnlyForDeploymentPostprocessing = 0;
		};
/* End PBXFrameworksBuildPhase section */

/* Begin PBXGroup section */
		02F739DB1D0F9ACE00D295AF = {
			isa = PBXGroup;
			children = (
				02F739E61D0F9ACE00D295AF /* KTVSong */,
				02F739E51D0F9ACE00D295AF /* Products */,
			);
			sourceTree = "<group>";
		};
		02F739E51D0F9ACE00D295AF /* Products */ = {
			isa = PBXGroup;
			children = (
				02F739E41D0F9ACE00D295AF /* KTVSong.app */,
			);
			name = Products;
			sourceTree = "<group>";
		};
		02F739E61D0F9ACE00D295AF /* KTVSong */ = {
			isa = PBXGroup;
			children = (
				021089701D192146008918DA /* SegmentedButton.h */,
				021089711D192146008918DA /* SegmentedButton.m */,
				02F739FE1D0FA46400D295AF /* images */,
				02F739EA1D0F9ACE00D295AF /* AppDelegate.h */,
				02F739EB1D0F9ACE00D295AF /* AppDelegate.m */,
				02F739ED1D0F9ACE00D295AF /* ViewController.h */,
				02F739EE1D0F9ACE00D295AF /* ViewController.m */,
				02F739F01D0F9ACE00D295AF /* Main.storyboard */,
				02F739F31D0F9ACE00D295AF /* Assets.xcassets */,
				02F739F51D0F9ACE00D295AF /* LaunchScreen.storyboard */,
				02F739F81D0F9ACE00D295AF /* Info.plist */,
				02F739E71D0F9ACE00D295AF /* Supporting Files */,
				02F73A071D0FAC3400D295AF /* SimpleTableCell.xib */,
				02F73A091D0FAFEC00D295AF /* SimpleTableCell.h */,
				02F73A0A1D0FAFEC00D295AF /* SimpleTableCell.m */,
				02FB09881D17FFFF00D39892 /* SearchQuickCondition.h */,
				02FB09891D17FFFF00D39892 /* SearchQuickCondition.m */,
			);
			path = KTVSong;
			sourceTree = "<group>";
		};
		02F739E71D0F9ACE00D295AF /* Supporting Files */ = {
			isa = PBXGroup;
			children = (
				02F739E81D0F9ACE00D295AF /* main.m */,
			);
			name = "Supporting Files";
			sourceTree = "<group>";
		};
		02F739FE1D0FA46400D295AF /* images */ = {
			isa = PBXGroup;
			children = (
				02F73A031D0FAA5800D295AF /* dingfangweishi.png */,
				02F73A041D0FAA5800D295AF /* userImg.png */,
				02F73A011D0FA4C600D295AF /* creme_brelee.jpg */,
			);
			name = images;
			sourceTree = "<group>";
		};
/* End PBXGroup section */

/* Begin PBXNativeTarget section */
		02F739E31D0F9ACE00D295AF /* KTVSong */ = {
			isa = PBXNativeTarget;
			buildConfigurationList = 02F739FB1D0F9ACE00D295AF /* Build configuration list for PBXNativeTarget "KTVSong" */;
			buildPhases = (
				02F739E01D0F9ACE00D295AF /* Sources */,
				02F739E11D0F9ACE00D295AF /* Frameworks */,
				02F739E21D0F9ACE00D295AF /* Resources */,
			);
			buildRules = (
			);
			dependencies = (
			);
			name = KTVSong;
			productName = KTVSong;
			productReference = 02F739E41D0F9ACE00D295AF /* KTVSong.app */;
			productType = "com.apple.product-type.application";
		};
/* End PBXNativeTarget section */

/* Begin PBXProject section */
		02F739DC1D0F9ACE00D295AF /* Project object */ = {
			isa = PBXProject;
			attributes = {
				LastUpgradeCheck = 0730;
				ORGANIZATIONNAME = jerome;
				TargetAttributes = {
					02F739E31D0F9ACE00D295AF = {
						CreatedOnToolsVersion = 7.3.1;
						DevelopmentTeam = 79QMCE8PYA;
					};
				};
			};
			buildConfigurationList = 02F739DF1D0F9ACE00D295AF /* Build configuration list for PBXProject "KTVSong" */;
			compatibilityVersion = "Xcode 3.2";
			developmentRegion = English;
			hasScannedForEncodings = 0;
			knownRegions = (
				en,
				Base,
			);
			mainGroup = 02F739DB1D0F9ACE00D295AF;
			productRefGroup = 02F739E51D0F9ACE00D295AF /* Products */;
			projectDirPath = "";
			projectRoot = "";
			targets = (
				02F739E31D0F9ACE00D295AF /* KTVSong */,
			);
		};
/* End PBXProject section */

/* Begin PBXResourcesBuildPhase section */
		02F739E21D0F9ACE00D295AF /* Resources */ = {
			isa = PBXResourcesBuildPhase;
			buildActionMask = 2147483647;
			files = (
				02F73A061D0FAA5800D295AF /* userImg.png in Resources */,
				02F739F71D0F9ACE00D295AF /* LaunchScreen.storyboard in Resources */,
				02F73A021D0FA4C600D295AF /* creme_brelee.jpg in Resources */,
				02F739F41D0F9ACE00D295AF /* Assets.xcassets in Resources */,
				02F73A081D0FAC3400D295AF /* SimpleTableCell.xib in Resources */,
				02F739F21D0F9ACE00D295AF /* Main.storyboard in Resources */,
				02F73A051D0FAA5800D295AF /* dingfangweishi.png in Resources */,
			);
			runOnlyForDeploymentPostprocessing = 0;
		};
/* End PBXResourcesBuildPhase section */

/* Begin PBXSourcesBuildPhase section */
		02F739E01D0F9ACE00D295AF /* Sources */ = {
			isa = PBXSourcesBuildPhase;
			buildActionMask = 2147483647;
			files = (
				021089721D192146008918DA /* SegmentedButton.m in Sources */,
				02F739EF1D0F9ACE00D295AF /* ViewController.m in Sources */,
				02F739EC1D0F9ACE00D295AF /* AppDelegate.m in Sources */,
				02F73A0B1D0FAFEC00D295AF /* SimpleTableCell.m in Sources */,
				02FB098A1D17FFFF00D39892 /* SearchQuickCondition.m in Sources */,
				02F739E91D0F9ACE00D295AF /* main.m in Sources */,
			);
			runOnlyForDeploymentPostprocessing = 0;
		};
/* End PBXSourcesBuildPhase section */

/* Begin PBXVariantGroup section */
		02F739F01D0F9ACE00D295AF /* Main.storyboard */ = {
			isa = PBXVariantGroup;
			children = (
				02F739F11D0F9ACE00D295AF /* Base */,
			);
			name = Main.storyboard;
			sourceTree = "<group>";
		};
		02F739F51D0F9ACE00D295AF /* LaunchScreen.storyboard */ = {
			isa = PBXVariantGroup;
			children = (
				02F739F61D0F9ACE00D295AF /* Base */,
			);
			name = LaunchScreen.storyboard;
			sourceTree = "<group>";
		};
/* End PBXVariantGroup section */

/* Begin XCBuildConfiguration section */
		02F739F91D0F9ACE00D295AF /* Debug */ = {
			isa = XCBuildConfiguration;
			buildSettings = {
				ALWAYS_SEARCH_USER_PATHS = NO;
				CLANG_ANALYZER_NONNULL = YES;
				CLANG_CXX_LANGUAGE_STANDARD = "gnu++0x";
				CLANG_CXX_LIBRARY = "libc++";
				CLANG_ENABLE_MODULES = YES;
				CLANG_ENABLE_OBJC_ARC = YES;
				CLANG_WARN_BOOL_CONVERSION = YES;
				CLANG_WARN_CONSTANT_CONVERSION = YES;
				CLANG_WARN_DIRECT_OBJC_ISA_USAGE = YES_ERROR;
				CLANG_WARN_EMPTY_BODY = YES;
				CLANG_WARN_ENUM_CONVERSION = YES;
				CLANG_WARN_INT_CONVERSION = YES;
				CLANG_WARN_OBJC_ROOT_CLASS = YES_ERROR;
				CLANG_WARN_UNREACHABLE_CODE = YES;
				CLANG_WARN__DUPLICATE_METHOD_MATCH = YES;
				"CODE_SIGN_IDENTITY[sdk=iphoneos*]" = "iPhone Developer";
				COPY_PHASE_STRIP = NO;
				DEBUG_INFORMATION_FORMAT = dwarf;
				ENABLE_STRICT_OBJC_MSGSEND = YES;
				ENABLE_TESTABILITY = YES;
				GCC_C_LANGUAGE_STANDARD = gnu99;
				GCC_DYNAMIC_NO_PIC = NO;
				GCC_NO_COMMON_BLOCKS = YES;
				GCC_OPTIMIZATION_LEVEL = 0;
				GCC_PREPROCESSOR_DEFINITIONS = (
					"DEBUG=1",
					"$(inherited)",
				);
				GCC_WARN_64_TO_32_BIT_CONVERSION = YES;
				GCC_WARN_ABOUT_RETURN_TYPE = YES_ERROR;
				GCC_WARN_UNDECLARED_SELECTOR = YES;
				GCC_WARN_UNINITIALIZED_AUTOS = YES_AGGRESSIVE;
				GCC_WARN_UNUSED_FUNCTION = YES;
				GCC_WARN_UNUSED_VARIABLE = YES;
				IPHONEOS_DEPLOYMENT_TARGET = 9.3;
				MTL_ENABLE_DEBUG_INFO = YES;
				ONLY_ACTIVE_ARCH = YES;
				SDKROOT = iphoneos;
				TARGETED_DEVICE_FAMILY = "1,2";
			};
			name = Debug;
		};
		02F739FA1D0F9ACE00D295AF /* Release */ = {
			isa = XCBuildConfiguration;
			buildSettings = {
				ALWAYS_SEARCH_USER_PATHS = NO;
				CLANG_ANALYZER_NONNULL = YES;
				CLANG_CXX_LANGUAGE_STANDARD = "gnu++0x";
				CLANG_CXX_LIBRARY = "libc++";
				CLANG_ENABLE_MODULES = YES;
				CLANG_ENABLE_OBJC_ARC = YES;
				CLANG_WARN_BOOL_CONVERSION = YES;
				CLANG_WARN_CONSTANT_CONVERSION = YES;
				CLANG_WARN_DIRECT_OBJC_ISA_USAGE = YES_ERROR;
				CLANG_WARN_EMPTY_BODY = YES;
				CLANG_WARN_ENUM_CONVERSION = YES;
				CLANG_WARN_INT_CONVERSION = YES;
				CLANG_WARN_OBJC_ROOT_CLASS = YES_ERROR;
				CLANG_WARN_UNREACHABLE_CODE = YES;
				CLANG_WARN__DUPLICATE_METHOD_MATCH = YES;
				"CODE_SIGN_IDENTITY[sdk=iphoneos*]" = "iPhone Developer";
				COPY_PHASE_STRIP = NO;
				DEBUG_INFORMATION_FORMAT = "dwarf-with-dsym";
				ENABLE_NS_ASSERTIONS = NO;
				ENABLE_STRICT_OBJC_MSGSEND = YES;
				GCC_C_LANGUAGE_STANDARD = gnu99;
				GCC_NO_COMMON_BLOCKS = YES;
				GCC_WARN_64_TO_32_BIT_CONVERSION = YES;
				GCC_WARN_ABOUT_RETURN_TYPE = YES_ERROR;
				GCC_WARN_UNDECLARED_SELECTOR = YES;
				GCC_WARN_UNINITIALIZED_AUTOS = YES_AGGRESSIVE;
				GCC_WARN_UNUSED_FUNCTION = YES;
				GCC_WARN_UNUSED_VARIABLE = YES;
				IPHONEOS_DEPLOYMENT_TARGET = 9.3;
				MTL_ENABLE_DEBUG_INFO = NO;
				SDKROOT = iphoneos;
				TARGETED_DEVICE_FAMILY = "1,2";
				VALIDATE_PRODUCT = YES;
			};
			name = Release;
		};
		02F739FC1D0F9ACE00D295AF /* Debug */ = {
			isa = XCBuildConfiguration;
			buildSettings = {
				ASSETCATALOG_COMPILER_APPICON_NAME = AppIcon;
				INFOPLIST_FILE = KTVSong/Info.plist;
				LD_RUNPATH_SEARCH_PATHS = "$(inherited) @executable_path/Frameworks";
				PRODUCT_BUNDLE_IDENTIFIER = com.jerome.KTVSong;
				PRODUCT_NAME = "$(TARGET_NAME)";
			};
			name = Debug;
		};
		02F739FD1D0F9ACE00D295AF /* Release */ = {
			isa = XCBuildConfiguration;
			buildSettings = {
				ASSETCATALOG_COMPILER_APPICON_NAME = AppIcon;
				INFOPLIST_FILE = KTVSong/Info.plist;
				LD_RUNPATH_SEARCH_PATHS = "$(inherited) @executable_path/Frameworks";
				PRODUCT_BUNDLE_IDENTIFIER = com.jerome.KTVSong;
				PRODUCT_NAME = "$(TARGET_NAME)";
			};
			name = Release;
		};
/* End XCBuildConfiguration section */

/* Begin XCConfigurationList section */
		02F739DF1D0F9ACE00D295AF /* Build configuration list for PBXProject "KTVSong" */ = {
			isa = XCConfigurationList;
			buildConfigurations = (
				02F739F91D0F9ACE00D295AF /* Debug */,
				02F739FA1D0F9ACE00D295AF /* Release */,
			);
			defaultConfigurationIsVisible = 0;
			defaultConfigurationName = Release;
		};
		02F739FB1D0F9ACE00D295AF /* Build configuration list for PBXNativeTarget "KTVSong" */ = {
			isa = XCConfigurationList;
			buildConfigurations = (
				02F739FC1D0F9ACE00D295AF /* Debug */,
				02F739FD1D0F9ACE00D295AF /* Release */,
			);
			defaultConfigurationIsVisible = 0;
			defaultConfigurationName = Release;
		};
/* End XCConfigurationList section */
	};
	rootObject = 02F739DC1D0F9ACE00D295AF /* Project object */;
}
